{"cliVersion":"0.20.0","productModuleName":"npush","sourceFilePaths":[{"path":"\/Users\/bisenbrandt\/dev\/sdk\/npush-ios\/Sources\/npush\/Config.swift","hash":"a86927b4c22a56071859f7e39431f465cd47c0f1"},{"path":"\/Users\/bisenbrandt\/dev\/sdk\/npush-ios\/Sources\/npush\/Installation.swift","hash":"f0461966c4e6c8f92e3df377deba9f1b5e5f968d"},{"path":"\/Users\/bisenbrandt\/dev\/sdk\/npush-ios\/Sources\/npush\/NPush.swift","hash":"af9639a45804d2b22f9ed615ac17b986ed8a71ef"},{"path":"\/Users\/bisenbrandt\/dev\/sdk\/npush-ios\/Sources\/npush\/NotificationCenter.swift","hash":"3458534c6425a0896d344ff3b585f56f12e728d9"},{"path":"\/Users\/bisenbrandt\/dev\/sdk\/npush-ios\/Sources\/npush\/api\/InteractionApi.swift","hash":"b2452c7d4e7c12c0683615d890bfa7e44b4c8b7f"},{"path":"\/Users\/bisenbrandt\/dev\/sdk\/npush-ios\/Sources\/npush\/api\/SubscriptionApi.swift","hash":"ca5e73c215a8bd819e71d752de4ea341a8b0e61b"},{"path":"\/Users\/bisenbrandt\/dev\/sdk\/npush-ios\/Sources\/npush\/core\/DeeplinkDelegate.swift","hash":"e2458c86b1cc096bad929bdacff22db73afacdd5"},{"path":"\/Users\/bisenbrandt\/dev\/sdk\/npush-ios\/Sources\/npush\/core\/Logger.swift","hash":"88e80090ee3f37303f082275bc874dec89140c17"},{"path":"\/Users\/bisenbrandt\/dev\/sdk\/npush-ios\/Sources\/npush\/core\/ServiceUrls.swift","hash":"e2babcbfbe95de91f052aa70c5d33fa70b347e29"},{"path":"\/Users\/bisenbrandt\/dev\/sdk\/npush-ios\/Sources\/npush\/core\/persistence\/LocalStorage.swift","hash":"1739c52fb0e5aa83644c1f915a18c0e58ee83a2f"},{"path":"\/Users\/bisenbrandt\/dev\/sdk\/npush-ios\/Sources\/npush\/core\/persistence\/LocalStorageAdapter.swift","hash":"b4c41aacd83344c175d25894dd728d93ab852a11"},{"path":"\/Users\/bisenbrandt\/dev\/sdk\/npush-ios\/Sources\/npush\/core\/persistence\/UserDefaultStorage.swift","hash":"699609741a64506190b60d226eeef6e654d469d2"},{"path":"\/Users\/bisenbrandt\/dev\/sdk\/npush-ios\/Sources\/npush\/models\/Detail.swift","hash":"0823fc56ea84fd1367e78257e2ff1095bc81e86b"},{"path":"\/Users\/bisenbrandt\/dev\/sdk\/npush-ios\/Sources\/npush\/models\/Subscription.swift","hash":"2dd0d85ee83263b8fbbbb69661f68850f89735d1"},{"path":"\/Users\/bisenbrandt\/dev\/sdk\/npush-ios\/Sources\/npush\/models\/Telemetry.swift","hash":"f2da3fa3c3f3943eff81055296a854c27af311f4"},{"path":"\/Users\/bisenbrandt\/dev\/sdk\/npush-ios\/Sources\/npush\/models\/action\/Action.swift","hash":"ee3bed0449e544caa04e59ceae365d8552e2e64b"},{"path":"\/Users\/bisenbrandt\/dev\/sdk\/npush-ios\/Sources\/npush\/models\/gateway\/Gateway.swift","hash":"dfbf3c687abb5bb44f004779be150b49e6b2dc96"},{"path":"\/Users\/bisenbrandt\/dev\/sdk\/npush-ios\/Sources\/npush\/models\/notification\/Notification.swift","hash":"70a11b644e9efd27d503fa474b497841949ac945"},{"path":"\/Users\/bisenbrandt\/dev\/sdk\/npush-ios\/Sources\/npush\/models\/notification\/input\/Meta.swift","hash":"96f1d9fad04b6a7460e36f4bfa3ff407bac168ad"},{"path":"\/Users\/bisenbrandt\/dev\/sdk\/npush-ios\/Sources\/npush\/models\/notification\/input\/Render.swift","hash":"e01b2ecd578115b3bd80dd8642d855547573baef"},{"path":"\/Users\/bisenbrandt\/dev\/sdk\/npush-ios\/Sources\/npush\/models\/notification\/input\/Stamp.swift","hash":"c54e16f541e497241c18ed840e37232c4525e4c3"},{"path":"\/Users\/bisenbrandt\/dev\/sdk\/npush-ios\/Sources\/npush\/models\/notification\/input\/Tracking.swift","hash":"f5f38de1639224e70200d4c30063743be2540651"},{"path":"\/Users\/bisenbrandt\/dev\/sdk\/npush-ios\/Sources\/npush\/models\/target\/Linked.swift","hash":"5a2325370ae4ccdb5c9513ac478915fe67f1f17a"},{"path":"\/Users\/bisenbrandt\/dev\/sdk\/npush-ios\/Sources\/npush\/repository\/IdentifierRepository.swift","hash":"41d11b8c38eb58383e188a256895c297f8eb0824"},{"path":"\/Users\/bisenbrandt\/dev\/sdk\/npush-ios\/Sources\/npush\/repository\/Repository.swift","hash":"eb0bd17e7e971a52497fc815f2f28e0b29f3f0f9"},{"path":"\/Users\/bisenbrandt\/dev\/sdk\/npush-ios\/Sources\/npush\/repository\/TokenRepository.swift","hash":"269d2bf0c14d356e76a219c125cd6a7255cfee5d"},{"path":"\/Users\/bisenbrandt\/dev\/sdk\/npush-ios\/Sources\/npush\/services\/NotificationService.swift","hash":"7929362ea47afd901c7e299fcfbe4d5d8f01d330"}],"configHash":"ab4d1c49e0ca6dea7c8cbcd4f131db9a9c534cd2","dependencyPathsHash":"da39a3ee5e6b4b0d3255bfef95601890afd80709","targetPathsHash":"1c5829575699c41258fad9865ee94e6bba08bcc7","mockedTypesHash":"4f8c82157019d4595a113f8a91c902b6ac6f6a11","outputHash":"bf8fce4679c544c4796a20485f09d7fb4a48cf34","dependencies":[],"sourceRoot":"\/Users\/bisenbrandt\/dev\/sdk\/npush-ios","supportingFilePaths":[],"name":"npush","projectHash":"3da06041ac950a274978b67dcdec5cabcf5e2f55"}