{"projectHash":"3da06041ac950a274978b67dcdec5cabcf5e2f55","productModuleName":"npushTests","mockedTypeNames":["\/Users\/bisenbrandt\/dev\/sdk\/npush-ios\/Tests\/npushTests\/InstallationTests.swift",["TokenRepository","Config","IdentifierRepository"],"\/Users\/bisenbrandt\/dev\/sdk\/npush-ios\/Tests\/npushTests\/LocalStorageTests.swift",[],"\/Users\/bisenbrandt\/dev\/sdk\/npush-ios\/Tests\/npushTests\/RepositoryTests.swift",[],"\/Users\/bisenbrandt\/dev\/sdk\/npush-ios\/Tests\/npushTests\/DefaultStorageTests.swift",[],"\/Users\/bisenbrandt\/dev\/sdk\/npush-ios\/Tests\/npushTests\/MockingbirdMocks.swift",[]],"cliVersion":"0.20.0","sourceFilePaths":[{"path":"\/Users\/bisenbrandt\/dev\/sdk\/npush-ios\/Tests\/npushTests\/DefaultStorageTests.swift","hash":"ecaf43e5476336f28eb1ab8ce214484f3b061c2c"},{"path":"\/Users\/bisenbrandt\/dev\/sdk\/npush-ios\/Tests\/npushTests\/InstallationTests.swift","hash":"f3e5d664e8da45c6ff15b92e961899804ba54d1b"},{"path":"\/Users\/bisenbrandt\/dev\/sdk\/npush-ios\/Tests\/npushTests\/LocalStorageTests.swift","hash":"bfbec3dea55320e94ebb30946c3e21cc76b351ab"},{"path":"\/Users\/bisenbrandt\/dev\/sdk\/npush-ios\/Tests\/npushTests\/MockingbirdMocks.swift","hash":"bf8fce4679c544c4796a20485f09d7fb4a48cf34"},{"path":"\/Users\/bisenbrandt\/dev\/sdk\/npush-ios\/Tests\/npushTests\/RepositoryTests.swift","hash":"3b1e16285560ce5b76e1469f28eaa0b2059ae47b"}],"sourceRoot":"\/Users\/bisenbrandt\/dev\/sdk\/npush-ios","dependencies":[],"name":"npushTests"}